
Microsoft Visual Studio Solution File, Format Version 12.00
# Visual Studio Version 16
VisualStudioVersion = 25.0.1703.8
MinimumVisualStudioVersion = 10.0.40219.1
Project("{FAE04EC0-301F-11D3-BF4B-00C04F79EFBC}") = "festival.Server", "festival\Server\festival.Server.csproj", "{F84B1242-D779-4A01-8862-1B85E600D8C8}"
EndProject
Project("{FAE04EC0-301F-11D3-BF4B-00C04F79EFBC}") = "festival.Client", "festival\Client\festival.Client.csproj", "{1C43956F-B130-4F4F-BD05-E305DD3A329E}"
EndProject
Project("{FAE04EC0-301F-11D3-BF4B-00C04F79EFBC}") = "festival.Shared", "festival\Shared\festival.Shared.csproj", "{DBCDDAAC-A8C2-4106-8C81-821671AB9970}"
EndProject
Global
	GlobalSection(SolutionConfigurationPlatforms) = preSolution
		Debug|Any CPU = Debug|Any CPU
		Release|Any CPU = Release|Any CPU
	EndGlobalSection
	GlobalSection(ProjectConfigurationPlatforms) = postSolution
		{F84B1242-D779-4A01-8862-1B85E600D8C8}.Debug|Any CPU.ActiveCfg = Debug|Any CPU
		{F84B1242-D779-4A01-8862-1B85E600D8C8}.Debug|Any CPU.Build.0 = Debug|Any CPU
		{F84B1242-D779-4A01-8862-1B85E600D8C8}.Release|Any CPU.ActiveCfg = Release|Any CPU
		{F84B1242-D779-4A01-8862-1B85E600D8C8}.Release|Any CPU.Build.0 = Release|Any CPU
		{1C43956F-B130-4F4F-BD05-E305DD3A329E}.Debug|Any CPU.ActiveCfg = Debug|Any CPU
		{1C43956F-B130-4F4F-BD05-E305DD3A329E}.Debug|Any CPU.Build.0 = Debug|Any CPU
		{1C43956F-B130-4F4F-BD05-E305DD3A329E}.Release|Any CPU.ActiveCfg = Release|Any CPU
		{1C43956F-B130-4F4F-BD05-E305DD3A329E}.Release|Any CPU.Build.0 = Release|Any CPU
		{DBCDDAAC-A8C2-4106-8C81-821671AB9970}.Debug|Any CPU.ActiveCfg = Debug|Any CPU
		{DBCDDAAC-A8C2-4106-8C81-821671AB9970}.Debug|Any CPU.Build.0 = Debug|Any CPU
		{DBCDDAAC-A8C2-4106-8C81-821671AB9970}.Release|Any CPU.ActiveCfg = Release|Any CPU
		{DBCDDAAC-A8C2-4106-8C81-821671AB9970}.Release|Any CPU.Build.0 = Release|Any CPU
	EndGlobalSection
	GlobalSection(SolutionProperties) = preSolution
		HideSolutionNode = FALSE
	EndGlobalSection
	GlobalSection(ExtensibilityGlobals) = postSolution
		SolutionGuid = {E772FC8D-41DD-4154-9157-E4EDD1795AE6}
	EndGlobalSection
EndGlobal
